
Microsoft Visual Studio Solution File, Format Version 12.00
# Visual Studio 2012
Project("{FAE04EC0-301F-11D3-BF4B-00C04F79EFBC}") = "DP", "DP\DP.csproj", "{80EDBEB6-BD02-48DC-A621-AA3E65982282}"
EndProject
Project("{FAE04EC0-301F-11D3-BF4B-00C04F79EFBC}") = "Singleton", "Singleton\Singleton.csproj", "{EAA3A1F7-A92C-4B1C-BBA7-06AFC9024A6D}"
EndProject
Project("{FAE04EC0-301F-11D3-BF4B-00C04F79EFBC}") = "Builder", "Builder\Builder.csproj", "{CCE115DF-D828-486D-B4E2-415FEA91AA5B}"
EndProject
Project("{FAE04EC0-301F-11D3-BF4B-00C04F79EFBC}") = "Factory", "Factory\Factory.csproj", "{CCEFE701-0196-4D7C-997C-EA2FF57C7771}"
EndProject
Project("{FAE04EC0-301F-11D3-BF4B-00C04F79EFBC}") = "Prototype", "Prototype\Prototype.csproj", "{22D54591-CA9C-41A8-8256-40D653910579}"
EndProject
Global
	GlobalSection(SolutionConfigurationPlatforms) = preSolution
		Debug|Any CPU = Debug|Any CPU
		Release|Any CPU = Release|Any CPU
	EndGlobalSection
	GlobalSection(ProjectConfigurationPlatforms) = postSolution
		{80EDBEB6-BD02-48DC-A621-AA3E65982282}.Debug|Any CPU.ActiveCfg = Debug|Any CPU
		{80EDBEB6-BD02-48DC-A621-AA3E65982282}.Debug|Any CPU.Build.0 = Debug|Any CPU
		{80EDBEB6-BD02-48DC-A621-AA3E65982282}.Release|Any CPU.ActiveCfg = Release|Any CPU
		{80EDBEB6-BD02-48DC-A621-AA3E65982282}.Release|Any CPU.Build.0 = Release|Any CPU
		{EAA3A1F7-A92C-4B1C-BBA7-06AFC9024A6D}.Debug|Any CPU.ActiveCfg = Debug|Any CPU
		{EAA3A1F7-A92C-4B1C-BBA7-06AFC9024A6D}.Debug|Any CPU.Build.0 = Debug|Any CPU
		{EAA3A1F7-A92C-4B1C-BBA7-06AFC9024A6D}.Release|Any CPU.ActiveCfg = Release|Any CPU
		{EAA3A1F7-A92C-4B1C-BBA7-06AFC9024A6D}.Release|Any CPU.Build.0 = Release|Any CPU
		{CCE115DF-D828-486D-B4E2-415FEA91AA5B}.Debug|Any CPU.ActiveCfg = Debug|Any CPU
		{CCE115DF-D828-486D-B4E2-415FEA91AA5B}.Debug|Any CPU.Build.0 = Debug|Any CPU
		{CCE115DF-D828-486D-B4E2-415FEA91AA5B}.Release|Any CPU.ActiveCfg = Release|Any CPU
		{CCE115DF-D828-486D-B4E2-415FEA91AA5B}.Release|Any CPU.Build.0 = Release|Any CPU
		{CCEFE701-0196-4D7C-997C-EA2FF57C7771}.Debug|Any CPU.ActiveCfg = Debug|Any CPU
		{CCEFE701-0196-4D7C-997C-EA2FF57C7771}.Debug|Any CPU.Build.0 = Debug|Any CPU
		{CCEFE701-0196-4D7C-997C-EA2FF57C7771}.Release|Any CPU.ActiveCfg = Release|Any CPU
		{CCEFE701-0196-4D7C-997C-EA2FF57C7771}.Release|Any CPU.Build.0 = Release|Any CPU
		{22D54591-CA9C-41A8-8256-40D653910579}.Debug|Any CPU.ActiveCfg = Debug|Any CPU
		{22D54591-CA9C-41A8-8256-40D653910579}.Debug|Any CPU.Build.0 = Debug|Any CPU
		{22D54591-CA9C-41A8-8256-40D653910579}.Release|Any CPU.ActiveCfg = Release|Any CPU
		{22D54591-CA9C-41A8-8256-40D653910579}.Release|Any CPU.Build.0 = Release|Any CPU
	EndGlobalSection
	GlobalSection(SolutionProperties) = preSolution
		HideSolutionNode = FALSE
	EndGlobalSection
EndGlobal
